// !$*UTF8*$!
{
	archiveVersion = 1;
	classes = {
	};
	objectVersion = 46;
	objects = {

/* Begin PBXBuildFile section */
		2EDAC54E1E8F289900481B41 /* CornerRadiusButton.swift in Sources */ = {isa = PBXBuildFile; fileRef = 2EDAC54D1E8F289900481B41 /* CornerRadiusButton.swift */; };
		2EEF7BF31E7E1DCA008CEF11 /* AppDelegate.swift in Sources */ = {isa = PBXBuildFile; fileRef = 2EEF7BF21E7E1DCA008CEF11 /* AppDelegate.swift */; };
		2EEF7BF81E7E1DCA008CEF11 /* Main.storyboard in Resources */ = {isa = PBXBuildFile; fileRef = 2EEF7BF61E7E1DCA008CEF11 /* Main.storyboard */; };
		2EEF7BFD1E7E1DCA008CEF11 /* Assets.xcassets in Resources */ = {isa = PBXBuildFile; fileRef = 2EEF7BFC1E7E1DCA008CEF11 /* Assets.xcassets */; };
		2EEF7C001E7E1DCA008CEF11 /* LaunchScreen.storyboard in Resources */ = {isa = PBXBuildFile; fileRef = 2EEF7BFE1E7E1DCA008CEF11 /* LaunchScreen.storyboard */; };
		2EEF7C091E7E1FDC008CEF11 /* InputViewController.swift in Sources */ = {isa = PBXBuildFile; fileRef = 2EEF7C081E7E1FDC008CEF11 /* InputViewController.swift */; };
		2EEF7C0D1E7E1FE5008CEF11 /* Compound_Composition.xcdatamodeld in Sources */ = {isa = PBXBuildFile; fileRef = 2EEF7C0B1E7E1FE5008CEF11 /* Compound_Composition.xcdatamodeld */; };
		2EEF7C0F1E7E2002008CEF11 /* NavigationController+LightStatusBar.swift in Sources */ = {isa = PBXBuildFile; fileRef = 2EEF7C0E1E7E2002008CEF11 /* NavigationController+LightStatusBar.swift */; };
		2EEF7C111E7E240C008CEF11 /* Element.swift in Sources */ = {isa = PBXBuildFile; fileRef = 2EEF7C101E7E240C008CEF11 /* Element.swift */; };
		2EEF7C131E7E2655008CEF11 /* Formula.swift in Sources */ = {isa = PBXBuildFile; fileRef = 2EEF7C121E7E2655008CEF11 /* Formula.swift */; };
		2EEF7C1B1E7E42C2008CEF11 /* Parsing_Tests.swift in Sources */ = {isa = PBXBuildFile; fileRef = 2EEF7C1A1E7E42C2008CEF11 /* Parsing_Tests.swift */; };
		2EEF7C221E7E4367008CEF11 /* Formula.swift in Sources */ = {isa = PBXBuildFile; fileRef = 2EEF7C121E7E2655008CEF11 /* Formula.swift */; };
		2EEF7C231E7E4444008CEF11 /* Element.swift in Sources */ = {isa = PBXBuildFile; fileRef = 2EEF7C101E7E240C008CEF11 /* Element.swift */; };
		2EEF7C251E7E6012008CEF11 /* Calculation.swift in Sources */ = {isa = PBXBuildFile; fileRef = 2EEF7C241E7E6012008CEF11 /* Calculation.swift */; };
		2EEF7C271E7F1CA2008CEF11 /* NumberButton.swift in Sources */ = {isa = PBXBuildFile; fileRef = 2EEF7C261E7F1CA2008CEF11 /* NumberButton.swift */; };
		2EEF7C291E803841008CEF11 /* FormulaTextField.swift in Sources */ = {isa = PBXBuildFile; fileRef = 2EEF7C281E803841008CEF11 /* FormulaTextField.swift */; };
/* End PBXBuildFile section */

/* Begin PBXContainerItemProxy section */
		2EEF7C1D1E7E42C2008CEF11 /* PBXContainerItemProxy */ = {
			isa = PBXContainerItemProxy;
			containerPortal = 2EEF7BE71E7E1DCA008CEF11 /* Project object */;
			proxyType = 1;
			remoteGlobalIDString = 2EEF7BEE1E7E1DCA008CEF11;
			remoteInfo = "Compound Composition";
		};
/* End PBXContainerItemProxy section */

/* Begin PBXFileReference section */
		2EDAC54D1E8F289900481B41 /* CornerRadiusButton.swift */ = {isa = PBXFileReference; fileEncoding = 4; lastKnownFileType = sourcecode.swift; path = CornerRadiusButton.swift; sourceTree = "<group>"; };
		2EEF7BEF1E7E1DCA008CEF11 /* Compound Composition.app */ = {isa = PBXFileReference; explicitFileType = wrapper.application; includeInIndex = 0; path = "Compound Composition.app"; sourceTree = BUILT_PRODUCTS_DIR; };
		2EEF7BF21E7E1DCA008CEF11 /* AppDelegate.swift */ = {isa = PBXFileReference; lastKnownFileType = sourcecode.swift; path = AppDelegate.swift; sourceTree = "<group>"; };
		2EEF7BF71E7E1DCA008CEF11 /* Base */ = {isa = PBXFileReference; lastKnownFileType = file.storyboard; name = Base; path = Base.lproj/Main.storyboard; sourceTree = "<group>"; };
		2EEF7BFC1E7E1DCA008CEF11 /* Assets.xcassets */ = {isa = PBXFileReference; lastKnownFileType = folder.assetcatalog; path = Assets.xcassets; sourceTree = "<group>"; };
		2EEF7BFF1E7E1DCA008CEF11 /* Base */ = {isa = PBXFileReference; lastKnownFileType = file.storyboard; name = Base; path = Base.lproj/LaunchScreen.storyboard; sourceTree = "<group>"; };
		2EEF7C011E7E1DCA008CEF11 /* Info.plist */ = {isa = PBXFileReference; lastKnownFileType = text.plist.xml; path = Info.plist; sourceTree = "<group>"; };
		2EEF7C081E7E1FDC008CEF11 /* InputViewController.swift */ = {isa = PBXFileReference; fileEncoding = 4; lastKnownFileType = sourcecode.swift; path = InputViewController.swift; sourceTree = "<group>"; };
		2EEF7C0C1E7E1FE5008CEF11 /* Compound_Composition.xcdatamodel */ = {isa = PBXFileReference; lastKnownFileType = wrapper.xcdatamodel; path = Compound_Composition.xcdatamodel; sourceTree = "<group>"; };
		2EEF7C0E1E7E2002008CEF11 /* NavigationController+LightStatusBar.swift */ = {isa = PBXFileReference; fileEncoding = 4; lastKnownFileType = sourcecode.swift; path = "NavigationController+LightStatusBar.swift"; sourceTree = "<group>"; };
		2EEF7C101E7E240C008CEF11 /* Element.swift */ = {isa = PBXFileReference; fileEncoding = 4; lastKnownFileType = sourcecode.swift; path = Element.swift; sourceTree = "<group>"; };
		2EEF7C121E7E2655008CEF11 /* Formula.swift */ = {isa = PBXFileReference; fileEncoding = 4; lastKnownFileType = sourcecode.swift; path = Formula.swift; sourceTree = "<group>"; };
		2EEF7C181E7E42C2008CEF11 /* Parsing-Tests.xctest */ = {isa = PBXFileReference; explicitFileType = wrapper.cfbundle; includeInIndex = 0; path = "Parsing-Tests.xctest"; sourceTree = BUILT_PRODUCTS_DIR; };
		2EEF7C1A1E7E42C2008CEF11 /* Parsing_Tests.swift */ = {isa = PBXFileReference; lastKnownFileType = sourcecode.swift; path = Parsing_Tests.swift; sourceTree = "<group>"; };
		2EEF7C1C1E7E42C2008CEF11 /* Info.plist */ = {isa = PBXFileReference; lastKnownFileType = text.plist.xml; path = Info.plist; sourceTree = "<group>"; };
		2EEF7C241E7E6012008CEF11 /* Calculation.swift */ = {isa = PBXFileReference; fileEncoding = 4; lastKnownFileType = sourcecode.swift; path = Calculation.swift; sourceTree = "<group>"; };
		2EEF7C261E7F1CA2008CEF11 /* NumberButton.swift */ = {isa = PBXFileReference; fileEncoding = 4; lastKnownFileType = sourcecode.swift; path = NumberButton.swift; sourceTree = "<group>"; };
		2EEF7C281E803841008CEF11 /* FormulaTextField.swift */ = {isa = PBXFileReference; fileEncoding = 4; lastKnownFileType = sourcecode.swift; path = FormulaTextField.swift; sourceTree = "<group>"; };
/* End PBXFileReference section */

/* Begin PBXFrameworksBuildPhase section */
		2EEF7BEC1E7E1DCA008CEF11 /* Frameworks */ = {
			isa = PBXFrameworksBuildPhase;
			buildActionMask = 2147483647;
			files = (
			);
			runOnlyForDeploymentPostprocessing = 0;
		};
		2EEF7C151E7E42C2008CEF11 /* Frameworks */ = {
			isa = PBXFrameworksBuildPhase;
			buildActionMask = 2147483647;
			files = (
			);
			runOnlyForDeploymentPostprocessing = 0;
		};
/* End PBXFrameworksBuildPhase section */

/* Begin PBXGroup section */
		2EEF7BE61E7E1DCA008CEF11 = {
			isa = PBXGroup;
			children = (
				2EEF7BF11E7E1DCA008CEF11 /* Compound Composition */,
				2EEF7C191E7E42C2008CEF11 /* Parsing-Tests */,
				2EEF7BF01E7E1DCA008CEF11 /* Products */,
			);
			sourceTree = "<group>";
		};
		2EEF7BF01E7E1DCA008CEF11 /* Products */ = {
			isa = PBXGroup;
			children = (
				2EEF7BEF1E7E1DCA008CEF11 /* Compound Composition.app */,
				2EEF7C181E7E42C2008CEF11 /* Parsing-Tests.xctest */,
			);
			name = Products;
			sourceTree = "<group>";
		};
		2EEF7BF11E7E1DCA008CEF11 /* Compound Composition */ = {
			isa = PBXGroup;
			children = (
				2EEF7BF21E7E1DCA008CEF11 /* AppDelegate.swift */,
				2EEF7BF61E7E1DCA008CEF11 /* Main.storyboard */,
				2EEF7BFC1E7E1DCA008CEF11 /* Assets.xcassets */,
				2EEF7BFE1E7E1DCA008CEF11 /* LaunchScreen.storyboard */,
				2EEF7C011E7E1DCA008CEF11 /* Info.plist */,
				2EEF7C071E7E1FDC008CEF11 /* Views */,
				2EEF7C0A1E7E1FE5008CEF11 /* Model */,
			);
			path = "Compound Composition";
			sourceTree = "<group>";
		};
		2EEF7C071E7E1FDC008CEF11 /* Views */ = {
			isa = PBXGroup;
			children = (
				2EEF7C081E7E1FDC008CEF11 /* InputViewController.swift */,
				2EEF7C0E1E7E2002008CEF11 /* NavigationController+LightStatusBar.swift */,
				2EEF7C261E7F1CA2008CEF11 /* NumberButton.swift */,
				2EEF7C281E803841008CEF11 /* FormulaTextField.swift */,
				2EDAC54D1E8F289900481B41 /* CornerRadiusButton.swift */,
			);
			path = Views;
			sourceTree = "<group>";
		};
		2EEF7C0A1E7E1FE5008CEF11 /* Model */ = {
			isa = PBXGroup;
			children = (
				2EEF7C0B1E7E1FE5008CEF11 /* Compound_Composition.xcdatamodeld */,
				2EEF7C101E7E240C008CEF11 /* Element.swift */,
				2EEF7C121E7E2655008CEF11 /* Formula.swift */,
				2EEF7C241E7E6012008CEF11 /* Calculation.swift */,
			);
			path = Model;
			sourceTree = "<group>";
		};
		2EEF7C191E7E42C2008CEF11 /* Parsing-Tests */ = {
			isa = PBXGroup;
			children = (
				2EEF7C1A1E7E42C2008CEF11 /* Parsing_Tests.swift */,
				2EEF7C1C1E7E42C2008CEF11 /* Info.plist */,
			);
			path = "Parsing-Tests";
			sourceTree = "<group>";
		};
/* End PBXGroup section */

/* Begin PBXNativeTarget section */
		2EEF7BEE1E7E1DCA008CEF11 /* Compound Composition */ = {
			isa = PBXNativeTarget;
			buildConfigurationList = 2EEF7C041E7E1DCA008CEF11 /* Build configuration list for PBXNativeTarget "Compound Composition" */;
			buildPhases = (
				2EEF7BEB1E7E1DCA008CEF11 /* Sources */,
				2EEF7BEC1E7E1DCA008CEF11 /* Frameworks */,
				2EEF7BED1E7E1DCA008CEF11 /* Resources */,
			);
			buildRules = (
			);
			dependencies = (
			);
			name = "Compound Composition";
			productName = "Compound Composition";
			productReference = 2EEF7BEF1E7E1DCA008CEF11 /* Compound Composition.app */;
			productType = "com.apple.product-type.application";
		};
		2EEF7C171E7E42C2008CEF11 /* Parsing-Tests */ = {
			isa = PBXNativeTarget;
			buildConfigurationList = 2EEF7C1F1E7E42C2008CEF11 /* Build configuration list for PBXNativeTarget "Parsing-Tests" */;
			buildPhases = (
				2EEF7C141E7E42C2008CEF11 /* Sources */,
				2EEF7C151E7E42C2008CEF11 /* Frameworks */,
				2EEF7C161E7E42C2008CEF11 /* Resources */,
			);
			buildRules = (
			);
			dependencies = (
				2EEF7C1E1E7E42C2008CEF11 /* PBXTargetDependency */,
			);
			name = "Parsing-Tests";
			productName = "Parsing-Tests";
			productReference = 2EEF7C181E7E42C2008CEF11 /* Parsing-Tests.xctest */;
			productType = "com.apple.product-type.bundle.unit-test";
		};
/* End PBXNativeTarget section */

/* Begin PBXProject section */
		2EEF7BE71E7E1DCA008CEF11 /* Project object */ = {
			isa = PBXProject;
			attributes = {
				LastSwiftUpdateCheck = 0820;
				LastUpgradeCheck = 0820;
				ORGANIZATIONNAME = "Cal Stephens";
				TargetAttributes = {
					2EEF7BEE1E7E1DCA008CEF11 = {
						CreatedOnToolsVersion = 8.2.1;
						DevelopmentTeam = FZ89A5SZ7C;
						ProvisioningStyle = Automatic;
					};
					2EEF7C171E7E42C2008CEF11 = {
						CreatedOnToolsVersion = 8.2.1;
						DevelopmentTeam = FZ89A5SZ7C;
						ProvisioningStyle = Automatic;
						TestTargetID = 2EEF7BEE1E7E1DCA008CEF11;
					};
				};
			};
			buildConfigurationList = 2EEF7BEA1E7E1DCA008CEF11 /* Build configuration list for PBXProject "Compound Composition" */;
			compatibilityVersion = "Xcode 3.2";
			developmentRegion = English;
			hasScannedForEncodings = 0;
			knownRegions = (
				en,
				Base,
			);
			mainGroup = 2EEF7BE61E7E1DCA008CEF11;
			productRefGroup = 2EEF7BF01E7E1DCA008CEF11 /* Products */;
			projectDirPath = "";
			projectRoot = "";
			targets = (
				2EEF7BEE1E7E1DCA008CEF11 /* Compound Composition */,
				2EEF7C171E7E42C2008CEF11 /* Parsing-Tests */,
			);
		};
/* End PBXProject section */

/* Begin PBXResourcesBuildPhase section */
		2EEF7BED1E7E1DCA008CEF11 /* Resources */ = {
			isa = PBXResourcesBuildPhase;
			buildActionMask = 2147483647;
			files = (
				2EEF7C001E7E1DCA008CEF11 /* LaunchScreen.storyboard in Resources */,
				2EEF7BFD1E7E1DCA008CEF11 /* Assets.xcassets in Resources */,
				2EEF7BF81E7E1DCA008CEF11 /* Main.storyboard in Resources */,
			);
			runOnlyForDeploymentPostprocessing = 0;
		};
		2EEF7C161E7E42C2008CEF11 /* Resources */ = {
			isa = PBXResourcesBuildPhase;
			buildActionMask = 2147483647;
			files = (
			);
			runOnlyForDeploymentPostprocessing = 0;
		};
/* End PBXResourcesBuildPhase section */

/* Begin PBXSourcesBuildPhase section */
		2EEF7BEB1E7E1DCA008CEF11 /* Sources */ = {
			isa = PBXSourcesBuildPhase;
			buildActionMask = 2147483647;
			files = (
				2EEF7C251E7E6012008CEF11 /* Calculation.swift in Sources */,
				2EEF7C111E7E240C008CEF11 /* Element.swift in Sources */,
				2EDAC54E1E8F289900481B41 /* CornerRadiusButton.swift in Sources */,
				2EEF7C271E7F1CA2008CEF11 /* NumberButton.swift in Sources */,
				2EEF7C0F1E7E2002008CEF11 /* NavigationController+LightStatusBar.swift in Sources */,
				2EEF7C291E803841008CEF11 /* FormulaTextField.swift in Sources */,
				2EEF7C131E7E2655008CEF11 /* Formula.swift in Sources */,
				2EEF7C0D1E7E1FE5008CEF11 /* Compound_Composition.xcdatamodeld in Sources */,
				2EEF7C091E7E1FDC008CEF11 /* InputViewController.swift in Sources */,
				2EEF7BF31E7E1DCA008CEF11 /* AppDelegate.swift in Sources */,
			);
			runOnlyForDeploymentPostprocessing = 0;
		};
		2EEF7C141E7E42C2008CEF11 /* Sources */ = {
			isa = PBXSourcesBuildPhase;
			buildActionMask = 2147483647;
			files = (
				2EEF7C221E7E4367008CEF11 /* Formula.swift in Sources */,
				2EEF7C1B1E7E42C2008CEF11 /* Parsing_Tests.swift in Sources */,
				2EEF7C231E7E4444008CEF11 /* Element.swift in Sources */,
			);
			runOnlyForDeploymentPostprocessing = 0;
		};
/* End PBXSourcesBuildPhase section */

/* Begin PBXTargetDependency section */
		2EEF7C1E1E7E42C2008CEF11 /* PBXTargetDependency */ = {
			isa = PBXTargetDependency;
			target = 2EEF7BEE1E7E1DCA008CEF11 /* Compound Composition */;
			targetProxy = 2EEF7C1D1E7E42C2008CEF11 /* PBXContainerItemProxy */;
		};
/* End PBXTargetDependency section */

/* Begin PBXVariantGroup section */
		2EEF7BF61E7E1DCA008CEF11 /* Main.storyboard */ = {
			isa = PBXVariantGroup;
			children = (
				2EEF7BF71E7E1DCA008CEF11 /* Base */,
			);
			name = Main.storyboard;
			sourceTree = "<group>";
		};
		2EEF7BFE1E7E1DCA008CEF11 /* LaunchScreen.storyboard */ = {
			isa = PBXVariantGroup;
			children = (
				2EEF7BFF1E7E1DCA008CEF11 /* Base */,
			);
			name = LaunchScreen.storyboard;
			sourceTree = "<group>";
		};
/* End PBXVariantGroup section */

/* Begin XCBuildConfiguration section */
		2EEF7C021E7E1DCA008CEF11 /* Debug */ = {
			isa = XCBuildConfiguration;
			buildSettings = {
				ALWAYS_SEARCH_USER_PATHS = NO;
				CLANG_ANALYZER_NONNULL = YES;
				CLANG_CXX_LANGUAGE_STANDARD = "gnu++0x";
				CLANG_CXX_LIBRARY = "libc++";
				CLANG_ENABLE_MODULES = YES;
				CLANG_ENABLE_OBJC_ARC = YES;
				CLANG_WARN_BOOL_CONVERSION = YES;
				CLANG_WARN_CONSTANT_CONVERSION = YES;
				CLANG_WARN_DIRECT_OBJC_ISA_USAGE = YES_ERROR;
				CLANG_WARN_DOCUMENTATION_COMMENTS = YES;
				CLANG_WARN_EMPTY_BODY = YES;
				CLANG_WARN_ENUM_CONVERSION = YES;
				CLANG_WARN_INFINITE_RECURSION = YES;
				CLANG_WARN_INT_CONVERSION = YES;
				CLANG_WARN_OBJC_ROOT_CLASS = YES_ERROR;
				CLANG_WARN_SUSPICIOUS_MOVE = YES;
				CLANG_WARN_UNREACHABLE_CODE = YES;
				CLANG_WARN__DUPLICATE_METHOD_MATCH = YES;
				"CODE_SIGN_IDENTITY[sdk=iphoneos*]" = "iPhone Developer";
				COPY_PHASE_STRIP = NO;
				DEBUG_INFORMATION_FORMAT = dwarf;
				ENABLE_STRICT_OBJC_MSGSEND = YES;
				ENABLE_TESTABILITY = YES;
				GCC_C_LANGUAGE_STANDARD = gnu99;
				GCC_DYNAMIC_NO_PIC = NO;
				GCC_NO_COMMON_BLOCKS = YES;
				GCC_OPTIMIZATION_LEVEL = 0;
				GCC_PREPROCESSOR_DEFINITIONS = (
					"DEBUG=1",
					"$(inherited)",
				);
				GCC_WARN_64_TO_32_BIT_CONVERSION = YES;
				GCC_WARN_ABOUT_RETURN_TYPE = YES_ERROR;
				GCC_WARN_UNDECLARED_SELECTOR = YES;
				GCC_WARN_UNINITIALIZED_AUTOS = YES_AGGRESSIVE;
				GCC_WARN_UNUSED_FUNCTION = YES;
				GCC_WARN_UNUSED_VARIABLE = YES;
				IPHONEOS_DEPLOYMENT_TARGET = 10.2;
				MTL_ENABLE_DEBUG_INFO = YES;
				ONLY_ACTIVE_ARCH = YES;
				SDKROOT = iphoneos;
				SWIFT_ACTIVE_COMPILATION_CONDITIONS = DEBUG;
				SWIFT_OPTIMIZATION_LEVEL = "-Onone";
				TARGETED_DEVICE_FAMILY = "1,2";
			};
			name = Debug;
		};
		2EEF7C031E7E1DCA008CEF11 /* Release */ = {
			isa = XCBuildConfiguration;
			buildSettings = {
				ALWAYS_SEARCH_USER_PATHS = NO;
				CLANG_ANALYZER_NONNULL = YES;
				CLANG_CXX_LANGUAGE_STANDARD = "gnu++0x";
				CLANG_CXX_LIBRARY = "libc++";
				CLANG_ENABLE_MODULES = YES;
				CLANG_ENABLE_OBJC_ARC = YES;
				CLANG_WARN_BOOL_CONVERSION = YES;
				CLANG_WARN_CONSTANT_CONVERSION = YES;
				CLANG_WARN_DIRECT_OBJC_ISA_USAGE = YES_ERROR;
				CLANG_WARN_DOCUMENTATION_COMMENTS = YES;
				CLANG_WARN_EMPTY_BODY = YES;
				CLANG_WARN_ENUM_CONVERSION = YES;
				CLANG_WARN_INFINITE_RECURSION = YES;
				CLANG_WARN_INT_CONVERSION = YES;
				CLANG_WARN_OBJC_ROOT_CLASS = YES_ERROR;
				CLANG_WARN_SUSPICIOUS_MOVE = YES;
				CLANG_WARN_UNREACHABLE_CODE = YES;
				CLANG_WARN__DUPLICATE_METHOD_MATCH = YES;
				"CODE_SIGN_IDENTITY[sdk=iphoneos*]" = "iPhone Developer";
				COPY_PHASE_STRIP = NO;
				DEBUG_INFORMATION_FORMAT = "dwarf-with-dsym";
				ENABLE_NS_ASSERTIONS = NO;
				ENABLE_STRICT_OBJC_MSGSEND = YES;
				GCC_C_LANGUAGE_STANDARD = gnu99;
				GCC_NO_COMMON_BLOCKS = YES;
				GCC_WARN_64_TO_32_BIT_CONVERSION = YES;
				GCC_WARN_ABOUT_RETURN_TYPE = YES_ERROR;
				GCC_WARN_UNDECLARED_SELECTOR = YES;
				GCC_WARN_UNINITIALIZED_AUTOS = YES_AGGRESSIVE;
				GCC_WARN_UNUSED_FUNCTION = YES;
				GCC_WARN_UNUSED_VARIABLE = YES;
				IPHONEOS_DEPLOYMENT_TARGET = 10.2;
				MTL_ENABLE_DEBUG_INFO = NO;
				SDKROOT = iphoneos;
				SWIFT_OPTIMIZATION_LEVEL = "-Owholemodule";
				TARGETED_DEVICE_FAMILY = "1,2";
				VALIDATE_PRODUCT = YES;
			};
			name = Release;
		};
		2EEF7C051E7E1DCA008CEF11 /* Debug */ = {
			isa = XCBuildConfiguration;
			buildSettings = {
				ASSETCATALOG_COMPILER_APPICON_NAME = AppIcon;
				DEVELOPMENT_TEAM = FZ89A5SZ7C;
				INFOPLIST_FILE = "Compound Composition/Info.plist";
				IPHONEOS_DEPLOYMENT_TARGET = 8.0;
				LD_RUNPATH_SEARCH_PATHS = "$(inherited) @executable_path/Frameworks";
				PRODUCT_BUNDLE_IDENTIFIER = "tech.calstephens.Compound-Composition";
				PRODUCT_NAME = "$(TARGET_NAME)";
				SWIFT_VERSION = 3.0;
			};
			name = Debug;
		};
		2EEF7C061E7E1DCA008CEF11 /* Release */ = {
			isa = XCBuildConfiguration;
			buildSettings = {
				ASSETCATALOG_COMPILER_APPICON_NAME = AppIcon;
				DEVELOPMENT_TEAM = FZ89A5SZ7C;
				INFOPLIST_FILE = "Compound Composition/Info.plist";
				IPHONEOS_DEPLOYMENT_TARGET = 8.0;
				LD_RUNPATH_SEARCH_PATHS = "$(inherited) @executable_path/Frameworks";
				PRODUCT_BUNDLE_IDENTIFIER = "tech.calstephens.Compound-Composition";
				PRODUCT_NAME = "$(TARGET_NAME)";
				SWIFT_VERSION = 3.0;
			};
			name = Release;
		};
		2EEF7C201E7E42C2008CEF11 /* Debug */ = {
			isa = XCBuildConfiguration;
			buildSettings = {
				BUNDLE_LOADER = "$(TEST_HOST)";
				DEVELOPMENT_TEAM = FZ89A5SZ7C;
				INFOPLIST_FILE = "Parsing-Tests/Info.plist";
				LD_RUNPATH_SEARCH_PATHS = "$(inherited) @executable_path/Frameworks @loader_path/Frameworks";
				PRODUCT_BUNDLE_IDENTIFIER = "tech.calstephens.Parsing-Tests";
				PRODUCT_NAME = "$(TARGET_NAME)";
				SWIFT_VERSION = 3.0;
				TEST_HOST = "$(BUILT_PRODUCTS_DIR)/Compound Composition.app/Compound Composition";
			};
			name = Debug;
		};
		2EEF7C211E7E42C2008CEF11 /* Release */ = {
			isa = XCBuildConfiguration;
			buildSettings = {
				BUNDLE_LOADER = "$(TEST_HOST)";
				DEVELOPMENT_TEAM = FZ89A5SZ7C;
				INFOPLIST_FILE = "Parsing-Tests/Info.plist";
				LD_RUNPATH_SEARCH_PATHS = "$(inherited) @executable_path/Frameworks @loader_path/Frameworks";
				PRODUCT_BUNDLE_IDENTIFIER = "tech.calstephens.Parsing-Tests";
				PRODUCT_NAME = "$(TARGET_NAME)";
				SWIFT_VERSION = 3.0;
				TEST_HOST = "$(BUILT_PRODUCTS_DIR)/Compound Composition.app/Compound Composition";
			};
			name = Release;
		};
/* End XCBuildConfiguration section */

/* Begin XCConfigurationList section */
		2EEF7BEA1E7E1DCA008CEF11 /* Build configuration list for PBXProject "Compound Composition" */ = {
			isa = XCConfigurationList;
			buildConfigurations = (
				2EEF7C021E7E1DCA008CEF11 /* Debug */,
				2EEF7C031E7E1DCA008CEF11 /* Release */,
			);
			defaultConfigurationIsVisible = 0;
			defaultConfigurationName = Release;
		};
		2EEF7C041E7E1DCA008CEF11 /* Build configuration list for PBXNativeTarget "Compound Composition" */ = {
			isa = XCConfigurationList;
			buildConfigurations = (
				2EEF7C051E7E1DCA008CEF11 /* Debug */,
				2EEF7C061E7E1DCA008CEF11 /* Release */,
			);
			defaultConfigurationIsVisible = 0;
			defaultConfigurationName = Release;
		};
		2EEF7C1F1E7E42C2008CEF11 /* Build configuration list for PBXNativeTarget "Parsing-Tests" */ = {
			isa = XCConfigurationList;
			buildConfigurations = (
				2EEF7C201E7E42C2008CEF11 /* Debug */,
				2EEF7C211E7E42C2008CEF11 /* Release */,
			);
			defaultConfigurationIsVisible = 0;
			defaultConfigurationName = Release;
		};
/* End XCConfigurationList section */

/* Begin XCVersionGroup section */
		2EEF7C0B1E7E1FE5008CEF11 /* Compound_Composition.xcdatamodeld */ = {
			isa = XCVersionGroup;
			children = (
				2EEF7C0C1E7E1FE5008CEF11 /* Compound_Composition.xcdatamodel */,
			);
			currentVersion = 2EEF7C0C1E7E1FE5008CEF11 /* Compound_Composition.xcdatamodel */;
			path = Compound_Composition.xcdatamodeld;
			sourceTree = "<group>";
			versionGroupType = wrapper.xcdatamodel;
		};
/* End XCVersionGroup section */
	};
	rootObject = 2EEF7BE71E7E1DCA008CEF11 /* Project object */;
}
